
Microsoft Visual Studio Solution File, Format Version 12.00
# Visual Studio Version 16
VisualStudioVersion = 16.0.30717.126
MinimumVisualStudioVersion = 10.0.40219.1
Project("{FAE04EC0-301F-11D3-BF4B-00C04F79EFBC}") = "Escuela", "Escuela\Escuela.csproj", "{847D33CF-62AC-4221-8392-1B9A2E022EC9}"
EndProject
Project("{FAE04EC0-301F-11D3-BF4B-00C04F79EFBC}") = "Escuela_DAL", "Escuela_DAL\Escuela_DAL.csproj", "{A05F19F4-393D-4A1F-A5DD-E198ACCF88BD}"
EndProject
Project("{FAE04EC0-301F-11D3-BF4B-00C04F79EFBC}") = "Escuela_BLL", "Escuela_BLL\Escuela_BLL.csproj", "{99650766-C893-492E-AA1C-CDFC4AEFBE16}"
EndProject
Project("{FAE04EC0-301F-11D3-BF4B-00C04F79EFBC}") = "ServiceAlumnosAPI", "ServiceAlumnosAPI\ServiceAlumnosAPI.csproj", "{57C9F03F-9A21-4A94-82FF-6C6D9B91FBCD}"
EndProject
Global
	GlobalSection(SolutionConfigurationPlatforms) = preSolution
		Debug|Any CPU = Debug|Any CPU
		Release|Any CPU = Release|Any CPU
	EndGlobalSection
	GlobalSection(ProjectConfigurationPlatforms) = postSolution
		{847D33CF-62AC-4221-8392-1B9A2E022EC9}.Debug|Any CPU.ActiveCfg = Debug|Any CPU
		{847D33CF-62AC-4221-8392-1B9A2E022EC9}.Debug|Any CPU.Build.0 = Debug|Any CPU
		{847D33CF-62AC-4221-8392-1B9A2E022EC9}.Release|Any CPU.ActiveCfg = Release|Any CPU
		{847D33CF-62AC-4221-8392-1B9A2E022EC9}.Release|Any CPU.Build.0 = Release|Any CPU
		{A05F19F4-393D-4A1F-A5DD-E198ACCF88BD}.Debug|Any CPU.ActiveCfg = Debug|Any CPU
		{A05F19F4-393D-4A1F-A5DD-E198ACCF88BD}.Debug|Any CPU.Build.0 = Debug|Any CPU
		{A05F19F4-393D-4A1F-A5DD-E198ACCF88BD}.Release|Any CPU.ActiveCfg = Release|Any CPU
		{A05F19F4-393D-4A1F-A5DD-E198ACCF88BD}.Release|Any CPU.Build.0 = Release|Any CPU
		{99650766-C893-492E-AA1C-CDFC4AEFBE16}.Debug|Any CPU.ActiveCfg = Debug|Any CPU
		{99650766-C893-492E-AA1C-CDFC4AEFBE16}.Debug|Any CPU.Build.0 = Debug|Any CPU
		{99650766-C893-492E-AA1C-CDFC4AEFBE16}.Release|Any CPU.ActiveCfg = Release|Any CPU
		{99650766-C893-492E-AA1C-CDFC4AEFBE16}.Release|Any CPU.Build.0 = Release|Any CPU
		{57C9F03F-9A21-4A94-82FF-6C6D9B91FBCD}.Debug|Any CPU.ActiveCfg = Debug|Any CPU
		{57C9F03F-9A21-4A94-82FF-6C6D9B91FBCD}.Debug|Any CPU.Build.0 = Debug|Any CPU
		{57C9F03F-9A21-4A94-82FF-6C6D9B91FBCD}.Release|Any CPU.ActiveCfg = Release|Any CPU
		{57C9F03F-9A21-4A94-82FF-6C6D9B91FBCD}.Release|Any CPU.Build.0 = Release|Any CPU
	EndGlobalSection
	GlobalSection(SolutionProperties) = preSolution
		HideSolutionNode = FALSE
	EndGlobalSection
	GlobalSection(ExtensibilityGlobals) = postSolution
		SolutionGuid = {159182AC-21DE-498D-9147-DD1811E77605}
	EndGlobalSection
EndGlobal
